
Microsoft Visual Studio Solution File, Format Version 12.00
# Visual Studio Version 16
VisualStudioVersion = 16.0.29215.179
MinimumVisualStudioVersion = 10.0.40219.1
Project("{FAE04EC0-301F-11D3-BF4B-00C04F79EFBC}") = "Ball Catch", "Ball Catch\Ball Catch.csproj", "{963C3F02-274C-48B2-A34D-F764610F0A8E}"
EndProject
Global
	GlobalSection(SolutionConfigurationPlatforms) = preSolution
		Debug|Any CPU = Debug|Any CPU
		Release|Any CPU = Release|Any CPU
	EndGlobalSection
	GlobalSection(ProjectConfigurationPlatforms) = postSolution
		{963C3F02-274C-48B2-A34D-F764610F0A8E}.Debug|Any CPU.ActiveCfg = Debug|Any CPU
		{963C3F02-274C-48B2-A34D-F764610F0A8E}.Debug|Any CPU.Build.0 = Debug|Any CPU
		{963C3F02-274C-48B2-A34D-F764610F0A8E}.Release|Any CPU.ActiveCfg = Release|Any CPU
		{963C3F02-274C-48B2-A34D-F764610F0A8E}.Release|Any CPU.Build.0 = Release|Any CPU
	EndGlobalSection
	GlobalSection(SolutionProperties) = preSolution
		HideSolutionNode = FALSE
	EndGlobalSection
	GlobalSection(ExtensibilityGlobals) = postSolution
		SolutionGuid = {05D3D724-7530-4D3D-A09C-389B55CEC57F}
	EndGlobalSection
EndGlobal
